
Microsoft Visual Studio Solution File, Format Version 12.00
# Visual Studio Version 17
VisualStudioVersion = 17.13.35913.81 d17.13
MinimumVisualStudioVersion = 10.0.40219.1
Project("{FAE04EC0-301F-11D3-BF4B-00C04F79EFBC}") = "hello-world", "hello-world\hello-world.csproj", "{AE0CEC23-DA7E-4A7D-B2E4-E0421C2230D2}"
EndProject
Global
	GlobalSection(SolutionConfigurationPlatforms) = preSolution
		Debug|Any CPU = Debug|Any CPU
		Release|Any CPU = Release|Any CPU
	EndGlobalSection
	GlobalSection(ProjectConfigurationPlatforms) = postSolution
		{AE0CEC23-DA7E-4A7D-B2E4-E0421C2230D2}.Debug|Any CPU.ActiveCfg = Debug|Any CPU
		{AE0CEC23-DA7E-4A7D-B2E4-E0421C2230D2}.Debug|Any CPU.Build.0 = Debug|Any CPU
		{AE0CEC23-DA7E-4A7D-B2E4-E0421C2230D2}.Release|Any CPU.ActiveCfg = Release|Any CPU
		{AE0CEC23-DA7E-4A7D-B2E4-E0421C2230D2}.Release|Any CPU.Build.0 = Release|Any CPU
	EndGlobalSection
	GlobalSection(SolutionProperties) = preSolution
		HideSolutionNode = FALSE
	EndGlobalSection
	GlobalSection(ExtensibilityGlobals) = postSolution
		SolutionGuid = {6AE25870-6704-44CC-B077-4CF1C96C660F}
	EndGlobalSection
EndGlobal
